
Microsoft Visual Studio Solution File, Format Version 12.00
# Visual Studio 15
VisualStudioVersion = 15.0.28307.572
MinimumVisualStudioVersion = 10.0.40219.1
Project("{FAE04EC0-301F-11D3-BF4B-00C04F79EFBC}") = "EFBolgelerSehirler", "EFBolgelerSehirler\EFBolgelerSehirler.csproj", "{F45B229A-038D-4801-ADD1-8AED3985553D}"
EndProject
Global
	GlobalSection(SolutionConfigurationPlatforms) = preSolution
		Debug|Any CPU = Debug|Any CPU
		Release|Any CPU = Release|Any CPU
	EndGlobalSection
	GlobalSection(ProjectConfigurationPlatforms) = postSolution
		{F45B229A-038D-4801-ADD1-8AED3985553D}.Debug|Any CPU.ActiveCfg = Debug|Any CPU
		{F45B229A-038D-4801-ADD1-8AED3985553D}.Debug|Any CPU.Build.0 = Debug|Any CPU
		{F45B229A-038D-4801-ADD1-8AED3985553D}.Release|Any CPU.ActiveCfg = Release|Any CPU
		{F45B229A-038D-4801-ADD1-8AED3985553D}.Release|Any CPU.Build.0 = Release|Any CPU
	EndGlobalSection
	GlobalSection(SolutionProperties) = preSolution
		HideSolutionNode = FALSE
	EndGlobalSection
	GlobalSection(ExtensibilityGlobals) = postSolution
		SolutionGuid = {AACAABE4-CEA1-4BF2-8B82-53B97F6CDD03}
	EndGlobalSection
EndGlobal
